
Microsoft Visual Studio Solution File, Format Version 12.00
# Visual Studio Version 17
VisualStudioVersion = 17.6.33829.357
MinimumVisualStudioVersion = 10.0.40219.1
Project("{9A19103F-16F7-4668-BE54-9A1E7A4F7556}") = "game-spa", "game-spa.csproj", "{BAF39EA0-086D-4CF5-A508-76C1B92213F8}"
EndProject
Global
	GlobalSection(SolutionConfigurationPlatforms) = preSolution
		Debug|Any CPU = Debug|Any CPU
		Release|Any CPU = Release|Any CPU
	EndGlobalSection
	GlobalSection(ProjectConfigurationPlatforms) = postSolution
		{BAF39EA0-086D-4CF5-A508-76C1B92213F8}.Debug|Any CPU.ActiveCfg = Debug|Any CPU
		{BAF39EA0-086D-4CF5-A508-76C1B92213F8}.Debug|Any CPU.Build.0 = Debug|Any CPU
		{BAF39EA0-086D-4CF5-A508-76C1B92213F8}.Release|Any CPU.ActiveCfg = Release|Any CPU
		{BAF39EA0-086D-4CF5-A508-76C1B92213F8}.Release|Any CPU.Build.0 = Release|Any CPU
	EndGlobalSection
	GlobalSection(SolutionProperties) = preSolution
		HideSolutionNode = FALSE
	EndGlobalSection
	GlobalSection(ExtensibilityGlobals) = postSolution
		SolutionGuid = {A1CB6ABE-F3F8-4016-8D5F-15F167FA6F35}
	EndGlobalSection
EndGlobal
